
Microsoft Visual Studio Solution File, Format Version 12.00
# Visual Studio 15
VisualStudioVersion = 15.0.28307.329
MinimumVisualStudioVersion = 10.0.40219.1
Project("{FAE04EC0-301F-11D3-BF4B-00C04F79EFBC}") = "App4-t.Android", "App4-t\App4-t.Android\App4-t.Android.csproj", "{8ADCFB9F-B0D1-4945-9D44-0414CB97105F}"
EndProject
Project("{FAE04EC0-301F-11D3-BF4B-00C04F79EFBC}") = "App4-t.iOS", "App4-t\App4-t.iOS\App4-t.iOS.csproj", "{B360260D-917D-4B0B-8055-D964B864939C}"
EndProject
Project("{FAE04EC0-301F-11D3-BF4B-00C04F79EFBC}") = "App4-t.UWP", "App4-t\App4-t.UWP\App4-t.UWP.csproj", "{2FDACCBA-16FB-4942-9161-6E0B39403AA8}"
EndProject
Project("{FAE04EC0-301F-11D3-BF4B-00C04F79EFBC}") = "App4-t", "App4-t\App4-t\App4-t.csproj", "{A0E1461D-7E09-4387-8321-E4D4FFFA8477}"
EndProject
Global
	GlobalSection(SolutionConfigurationPlatforms) = preSolution
		Ad-Hoc|Any CPU = Ad-Hoc|Any CPU
		Ad-Hoc|ARM = Ad-Hoc|ARM
		Ad-Hoc|iPhone = Ad-Hoc|iPhone
		Ad-Hoc|iPhoneSimulator = Ad-Hoc|iPhoneSimulator
		Ad-Hoc|x64 = Ad-Hoc|x64
		Ad-Hoc|x86 = Ad-Hoc|x86
		AppStore|Any CPU = AppStore|Any CPU
		AppStore|ARM = AppStore|ARM
		AppStore|iPhone = AppStore|iPhone
		AppStore|iPhoneSimulator = AppStore|iPhoneSimulator
		AppStore|x64 = AppStore|x64
		AppStore|x86 = AppStore|x86
		Debug|Any CPU = Debug|Any CPU
		Debug|ARM = Debug|ARM
		Debug|iPhone = Debug|iPhone
		Debug|iPhoneSimulator = Debug|iPhoneSimulator
		Debug|x64 = Debug|x64
		Debug|x86 = Debug|x86
		Release|Any CPU = Release|Any CPU
		Release|ARM = Release|ARM
		Release|iPhone = Release|iPhone
		Release|iPhoneSimulator = Release|iPhoneSimulator
		Release|x64 = Release|x64
		Release|x86 = Release|x86
	EndGlobalSection
	GlobalSection(ProjectConfigurationPlatforms) = postSolution
		{8ADCFB9F-B0D1-4945-9D44-0414CB97105F}.Ad-Hoc|Any CPU.ActiveCfg = Release|Any CPU
		{8ADCFB9F-B0D1-4945-9D44-0414CB97105F}.Ad-Hoc|Any CPU.Build.0 = Release|Any CPU
		{8ADCFB9F-B0D1-4945-9D44-0414CB97105F}.Ad-Hoc|Any CPU.Deploy.0 = Release|Any CPU
		{8ADCFB9F-B0D1-4945-9D44-0414CB97105F}.Ad-Hoc|ARM.ActiveCfg = Release|Any CPU
		{8ADCFB9F-B0D1-4945-9D44-0414CB97105F}.Ad-Hoc|ARM.Build.0 = Release|Any CPU
		{8ADCFB9F-B0D1-4945-9D44-0414CB97105F}.Ad-Hoc|ARM.Deploy.0 = Release|Any CPU
		{8ADCFB9F-B0D1-4945-9D44-0414CB97105F}.Ad-Hoc|iPhone.ActiveCfg = Release|Any CPU
		{8ADCFB9F-B0D1-4945-9D44-0414CB97105F}.Ad-Hoc|iPhone.Build.0 = Release|Any CPU
		{8ADCFB9F-B0D1-4945-9D44-0414CB97105F}.Ad-Hoc|iPhone.Deploy.0 = Release|Any CPU
		{8ADCFB9F-B0D1-4945-9D44-0414CB97105F}.Ad-Hoc|iPhoneSimulator.ActiveCfg = Release|Any CPU
		{8ADCFB9F-B0D1-4945-9D44-0414CB97105F}.Ad-Hoc|iPhoneSimulator.Build.0 = Release|Any CPU
		{8ADCFB9F-B0D1-4945-9D44-0414CB97105F}.Ad-Hoc|iPhoneSimulator.Deploy.0 = Release|Any CPU
		{8ADCFB9F-B0D1-4945-9D44-0414CB97105F}.Ad-Hoc|x64.ActiveCfg = Release|Any CPU
		{8ADCFB9F-B0D1-4945-9D44-0414CB97105F}.Ad-Hoc|x64.Build.0 = Release|Any CPU
		{8ADCFB9F-B0D1-4945-9D44-0414CB97105F}.Ad-Hoc|x64.Deploy.0 = Release|Any CPU
		{8ADCFB9F-B0D1-4945-9D44-0414CB97105F}.Ad-Hoc|x86.ActiveCfg = Release|Any CPU
		{8ADCFB9F-B0D1-4945-9D44-0414CB97105F}.Ad-Hoc|x86.Build.0 = Release|Any CPU
		{8ADCFB9F-B0D1-4945-9D44-0414CB97105F}.Ad-Hoc|x86.Deploy.0 = Release|Any CPU
		{8ADCFB9F-B0D1-4945-9D44-0414CB97105F}.AppStore|Any CPU.ActiveCfg = Release|Any CPU
		{8ADCFB9F-B0D1-4945-9D44-0414CB97105F}.AppStore|Any CPU.Build.0 = Release|Any CPU
		{8ADCFB9F-B0D1-4945-9D44-0414CB97105F}.AppStore|Any CPU.Deploy.0 = Release|Any CPU
		{8ADCFB9F-B0D1-4945-9D44-0414CB97105F}.AppStore|ARM.ActiveCfg = Release|Any CPU
		{8ADCFB9F-B0D1-4945-9D44-0414CB97105F}.AppStore|ARM.Build.0 = Release|Any CPU
		{8ADCFB9F-B0D1-4945-9D44-0414CB97105F}.AppStore|ARM.Deploy.0 = Release|Any CPU
		{8ADCFB9F-B0D1-4945-9D44-0414CB97105F}.AppStore|iPhone.ActiveCfg = Release|Any CPU
		{8ADCFB9F-B0D1-4945-9D44-0414CB97105F}.AppStore|iPhone.Build.0 = Release|Any CPU
		{8ADCFB9F-B0D1-4945-9D44-0414CB97105F}.AppStore|iPhone.Deploy.0 = Release|Any CPU
		{8ADCFB9F-B0D1-4945-9D44-0414CB97105F}.AppStore|iPhoneSimulator.ActiveCfg = Release|Any CPU
		{8ADCFB9F-B0D1-4945-9D44-0414CB97105F}.AppStore|iPhoneSimulator.Build.0 = Release|Any CPU
		{8ADCFB9F-B0D1-4945-9D44-0414CB97105F}.AppStore|iPhoneSimulator.Deploy.0 = Release|Any CPU
		{8ADCFB9F-B0D1-4945-9D44-0414CB97105F}.AppStore|x64.ActiveCfg = Release|Any CPU
		{8ADCFB9F-B0D1-4945-9D44-0414CB97105F}.AppStore|x64.Build.0 = Release|Any CPU
		{8ADCFB9F-B0D1-4945-9D44-0414CB97105F}.AppStore|x64.Deploy.0 = Release|Any CPU
		{8ADCFB9F-B0D1-4945-9D44-0414CB97105F}.AppStore|x86.ActiveCfg = Release|Any CPU
		{8ADCFB9F-B0D1-4945-9D44-0414CB97105F}.AppStore|x86.Build.0 = Release|Any CPU
		{8ADCFB9F-B0D1-4945-9D44-0414CB97105F}.AppStore|x86.Deploy.0 = Release|Any CPU
		{8ADCFB9F-B0D1-4945-9D44-0414CB97105F}.Debug|Any CPU.ActiveCfg = Debug|Any CPU
		{8ADCFB9F-B0D1-4945-9D44-0414CB97105F}.Debug|Any CPU.Build.0 = Debug|Any CPU
		{8ADCFB9F-B0D1-4945-9D44-0414CB97105F}.Debug|Any CPU.Deploy.0 = Debug|Any CPU
		{8ADCFB9F-B0D1-4945-9D44-0414CB97105F}.Debug|ARM.ActiveCfg = Debug|Any CPU
		{8ADCFB9F-B0D1-4945-9D44-0414CB97105F}.Debug|ARM.Build.0 = Debug|Any CPU
		{8ADCFB9F-B0D1-4945-9D44-0414CB97105F}.Debug|ARM.Deploy.0 = Debug|Any CPU
		{8ADCFB9F-B0D1-4945-9D44-0414CB97105F}.Debug|iPhone.ActiveCfg = Debug|Any CPU
		{8ADCFB9F-B0D1-4945-9D44-0414CB97105F}.Debug|iPhone.Build.0 = Debug|Any CPU
		{8ADCFB9F-B0D1-4945-9D44-0414CB97105F}.Debug|iPhone.Deploy.0 = Debug|Any CPU
		{8ADCFB9F-B0D1-4945-9D44-0414CB97105F}.Debug|iPhoneSimulator.ActiveCfg = Debug|Any CPU
		{8ADCFB9F-B0D1-4945-9D44-0414CB97105F}.Debug|iPhoneSimulator.Build.0 = Debug|Any CPU
		{8ADCFB9F-B0D1-4945-9D44-0414CB97105F}.Debug|iPhoneSimulator.Deploy.0 = Debug|Any CPU
		{8ADCFB9F-B0D1-4945-9D44-0414CB97105F}.Debug|x64.ActiveCfg = Debug|Any CPU
		{8ADCFB9F-B0D1-4945-9D44-0414CB97105F}.Debug|x64.Build.0 = Debug|Any CPU
		{8ADCFB9F-B0D1-4945-9D44-0414CB97105F}.Debug|x64.Deploy.0 = Debug|Any CPU
		{8ADCFB9F-B0D1-4945-9D44-0414CB97105F}.Debug|x86.ActiveCfg = Debug|Any CPU
		{8ADCFB9F-B0D1-4945-9D44-0414CB97105F}.Debug|x86.Build.0 = Debug|Any CPU
		{8ADCFB9F-B0D1-4945-9D44-0414CB97105F}.Debug|x86.Deploy.0 = Debug|Any CPU
		{8ADCFB9F-B0D1-4945-9D44-0414CB97105F}.Release|Any CPU.ActiveCfg = Release|Any CPU
		{8ADCFB9F-B0D1-4945-9D44-0414CB97105F}.Release|Any CPU.Build.0 = Release|Any CPU
		{8ADCFB9F-B0D1-4945-9D44-0414CB97105F}.Release|Any CPU.Deploy.0 = Release|Any CPU
		{8ADCFB9F-B0D1-4945-9D44-0414CB97105F}.Release|ARM.ActiveCfg = Release|Any CPU
		{8ADCFB9F-B0D1-4945-9D44-0414CB97105F}.Release|ARM.Build.0 = Release|Any CPU
		{8ADCFB9F-B0D1-4945-9D44-0414CB97105F}.Release|ARM.Deploy.0 = Release|Any CPU
		{8ADCFB9F-B0D1-4945-9D44-0414CB97105F}.Release|iPhone.ActiveCfg = Release|Any CPU
		{8ADCFB9F-B0D1-4945-9D44-0414CB97105F}.Release|iPhone.Build.0 = Release|Any CPU
		{8ADCFB9F-B0D1-4945-9D44-0414CB97105F}.Release|iPhone.Deploy.0 = Release|Any CPU
		{8ADCFB9F-B0D1-4945-9D44-0414CB97105F}.Release|iPhoneSimulator.ActiveCfg = Release|Any CPU
		{8ADCFB9F-B0D1-4945-9D44-0414CB97105F}.Release|iPhoneSimulator.Build.0 = Release|Any CPU
		{8ADCFB9F-B0D1-4945-9D44-0414CB97105F}.Release|iPhoneSimulator.Deploy.0 = Release|Any CPU
		{8ADCFB9F-B0D1-4945-9D44-0414CB97105F}.Release|x64.ActiveCfg = Release|Any CPU
		{8ADCFB9F-B0D1-4945-9D44-0414CB97105F}.Release|x64.Build.0 = Release|Any CPU
		{8ADCFB9F-B0D1-4945-9D44-0414CB97105F}.Release|x64.Deploy.0 = Release|Any CPU
		{8ADCFB9F-B0D1-4945-9D44-0414CB97105F}.Release|x86.ActiveCfg = Release|Any CPU
		{8ADCFB9F-B0D1-4945-9D44-0414CB97105F}.Release|x86.Build.0 = Release|Any CPU
		{8ADCFB9F-B0D1-4945-9D44-0414CB97105F}.Release|x86.Deploy.0 = Release|Any CPU
		{B360260D-917D-4B0B-8055-D964B864939C}.Ad-Hoc|Any CPU.ActiveCfg = Ad-Hoc|iPhone
		{B360260D-917D-4B0B-8055-D964B864939C}.Ad-Hoc|Any CPU.Build.0 = Ad-Hoc|iPhone
		{B360260D-917D-4B0B-8055-D964B864939C}.Ad-Hoc|Any CPU.Deploy.0 = Ad-Hoc|iPhone
		{B360260D-917D-4B0B-8055-D964B864939C}.Ad-Hoc|ARM.ActiveCfg = Ad-Hoc|iPhone
		{B360260D-917D-4B0B-8055-D964B864939C}.Ad-Hoc|ARM.Build.0 = Ad-Hoc|iPhone
		{B360260D-917D-4B0B-8055-D964B864939C}.Ad-Hoc|ARM.Deploy.0 = Ad-Hoc|iPhone
		{B360260D-917D-4B0B-8055-D964B864939C}.Ad-Hoc|iPhone.ActiveCfg = Ad-Hoc|iPhone
		{B360260D-917D-4B0B-8055-D964B864939C}.Ad-Hoc|iPhone.Build.0 = Ad-Hoc|iPhone
		{B360260D-917D-4B0B-8055-D964B864939C}.Ad-Hoc|iPhone.Deploy.0 = Ad-Hoc|iPhone
		{B360260D-917D-4B0B-8055-D964B864939C}.Ad-Hoc|iPhoneSimulator.ActiveCfg = Ad-Hoc|iPhoneSimulator
		{B360260D-917D-4B0B-8055-D964B864939C}.Ad-Hoc|iPhoneSimulator.Build.0 = Ad-Hoc|iPhoneSimulator
		{B360260D-917D-4B0B-8055-D964B864939C}.Ad-Hoc|iPhoneSimulator.Deploy.0 = Ad-Hoc|iPhoneSimulator
		{B360260D-917D-4B0B-8055-D964B864939C}.Ad-Hoc|x64.ActiveCfg = Ad-Hoc|iPhone
		{B360260D-917D-4B0B-8055-D964B864939C}.Ad-Hoc|x64.Build.0 = Ad-Hoc|iPhone
		{B360260D-917D-4B0B-8055-D964B864939C}.Ad-Hoc|x64.Deploy.0 = Ad-Hoc|iPhone
		{B360260D-917D-4B0B-8055-D964B864939C}.Ad-Hoc|x86.ActiveCfg = Ad-Hoc|iPhone
		{B360260D-917D-4B0B-8055-D964B864939C}.Ad-Hoc|x86.Build.0 = Ad-Hoc|iPhone
		{B360260D-917D-4B0B-8055-D964B864939C}.Ad-Hoc|x86.Deploy.0 = Ad-Hoc|iPhone
		{B360260D-917D-4B0B-8055-D964B864939C}.AppStore|Any CPU.ActiveCfg = AppStore|iPhone
		{B360260D-917D-4B0B-8055-D964B864939C}.AppStore|Any CPU.Build.0 = AppStore|iPhone
		{B360260D-917D-4B0B-8055-D964B864939C}.AppStore|Any CPU.Deploy.0 = AppStore|iPhone
		{B360260D-917D-4B0B-8055-D964B864939C}.AppStore|ARM.ActiveCfg = AppStore|iPhone
		{B360260D-917D-4B0B-8055-D964B864939C}.AppStore|ARM.Build.0 = AppStore|iPhone
		{B360260D-917D-4B0B-8055-D964B864939C}.AppStore|ARM.Deploy.0 = AppStore|iPhone
		{B360260D-917D-4B0B-8055-D964B864939C}.AppStore|iPhone.ActiveCfg = AppStore|iPhone
		{B360260D-917D-4B0B-8055-D964B864939C}.AppStore|iPhone.Build.0 = AppStore|iPhone
		{B360260D-917D-4B0B-8055-D964B864939C}.AppStore|iPhone.Deploy.0 = AppStore|iPhone
		{B360260D-917D-4B0B-8055-D964B864939C}.AppStore|iPhoneSimulator.ActiveCfg = AppStore|iPhoneSimulator
		{B360260D-917D-4B0B-8055-D964B864939C}.AppStore|iPhoneSimulator.Build.0 = AppStore|iPhoneSimulator
		{B360260D-917D-4B0B-8055-D964B864939C}.AppStore|iPhoneSimulator.Deploy.0 = AppStore|iPhoneSimulator
		{B360260D-917D-4B0B-8055-D964B864939C}.AppStore|x64.ActiveCfg = AppStore|iPhone
		{B360260D-917D-4B0B-8055-D964B864939C}.AppStore|x64.Build.0 = AppStore|iPhone
		{B360260D-917D-4B0B-8055-D964B864939C}.AppStore|x64.Deploy.0 = AppStore|iPhone
		{B360260D-917D-4B0B-8055-D964B864939C}.AppStore|x86.ActiveCfg = AppStore|iPhone
		{B360260D-917D-4B0B-8055-D964B864939C}.AppStore|x86.Build.0 = AppStore|iPhone
		{B360260D-917D-4B0B-8055-D964B864939C}.AppStore|x86.Deploy.0 = AppStore|iPhone
		{B360260D-917D-4B0B-8055-D964B864939C}.Debug|Any CPU.ActiveCfg = Debug|iPhoneSimulator
		{B360260D-917D-4B0B-8055-D964B864939C}.Debug|Any CPU.Build.0 = Debug|iPhoneSimulator
		{B360260D-917D-4B0B-8055-D964B864939C}.Debug|Any CPU.Deploy.0 = Debug|iPhoneSimulator
		{B360260D-917D-4B0B-8055-D964B864939C}.Debug|ARM.ActiveCfg = Debug|iPhone
		{B360260D-917D-4B0B-8055-D964B864939C}.Debug|ARM.Build.0 = Debug|iPhone
		{B360260D-917D-4B0B-8055-D964B864939C}.Debug|ARM.Deploy.0 = Debug|iPhone
		{B360260D-917D-4B0B-8055-D964B864939C}.Debug|iPhone.ActiveCfg = Debug|iPhone
		{B360260D-917D-4B0B-8055-D964B864939C}.Debug|iPhone.Build.0 = Debug|iPhone
		{B360260D-917D-4B0B-8055-D964B864939C}.Debug|iPhone.Deploy.0 = Debug|iPhone
		{B360260D-917D-4B0B-8055-D964B864939C}.Debug|iPhoneSimulator.ActiveCfg = Debug|iPhoneSimulator
		{B360260D-917D-4B0B-8055-D964B864939C}.Debug|iPhoneSimulator.Build.0 = Debug|iPhoneSimulator
		{B360260D-917D-4B0B-8055-D964B864939C}.Debug|iPhoneSimulator.Deploy.0 = Debug|iPhoneSimulator
		{B360260D-917D-4B0B-8055-D964B864939C}.Debug|x64.ActiveCfg = Debug|iPhone
		{B360260D-917D-4B0B-8055-D964B864939C}.Debug|x64.Build.0 = Debug|iPhone
		{B360260D-917D-4B0B-8055-D964B864939C}.Debug|x64.Deploy.0 = Debug|iPhone
		{B360260D-917D-4B0B-8055-D964B864939C}.Debug|x86.ActiveCfg = Debug|iPhone
		{B360260D-917D-4B0B-8055-D964B864939C}.Debug|x86.Build.0 = Debug|iPhone
		{B360260D-917D-4B0B-8055-D964B864939C}.Debug|x86.Deploy.0 = Debug|iPhone
		{B360260D-917D-4B0B-8055-D964B864939C}.Release|Any CPU.ActiveCfg = Release|iPhone
		{B360260D-917D-4B0B-8055-D964B864939C}.Release|Any CPU.Build.0 = Release|iPhone
		{B360260D-917D-4B0B-8055-D964B864939C}.Release|Any CPU.Deploy.0 = Release|iPhone
		{B360260D-917D-4B0B-8055-D964B864939C}.Release|ARM.ActiveCfg = Release|iPhone
		{B360260D-917D-4B0B-8055-D964B864939C}.Release|ARM.Build.0 = Release|iPhone
		{B360260D-917D-4B0B-8055-D964B864939C}.Release|ARM.Deploy.0 = Release|iPhone
		{B360260D-917D-4B0B-8055-D964B864939C}.Release|iPhone.ActiveCfg = Release|iPhone
		{B360260D-917D-4B0B-8055-D964B864939C}.Release|iPhone.Build.0 = Release|iPhone
		{B360260D-917D-4B0B-8055-D964B864939C}.Release|iPhone.Deploy.0 = Release|iPhone
		{B360260D-917D-4B0B-8055-D964B864939C}.Release|iPhoneSimulator.ActiveCfg = Release|iPhoneSimulator
		{B360260D-917D-4B0B-8055-D964B864939C}.Release|iPhoneSimulator.Build.0 = Release|iPhoneSimulator
		{B360260D-917D-4B0B-8055-D964B864939C}.Release|iPhoneSimulator.Deploy.0 = Release|iPhoneSimulator
		{B360260D-917D-4B0B-8055-D964B864939C}.Release|x64.ActiveCfg = Release|iPhone
		{B360260D-917D-4B0B-8055-D964B864939C}.Release|x64.Build.0 = Release|iPhone
		{B360260D-917D-4B0B-8055-D964B864939C}.Release|x64.Deploy.0 = Release|iPhone
		{B360260D-917D-4B0B-8055-D964B864939C}.Release|x86.ActiveCfg = Release|iPhone
		{B360260D-917D-4B0B-8055-D964B864939C}.Release|x86.Build.0 = Release|iPhone
		{B360260D-917D-4B0B-8055-D964B864939C}.Release|x86.Deploy.0 = Release|iPhone
		{2FDACCBA-16FB-4942-9161-6E0B39403AA8}.Ad-Hoc|Any CPU.ActiveCfg = Release|x86
		{2FDACCBA-16FB-4942-9161-6E0B39403AA8}.Ad-Hoc|Any CPU.Build.0 = Release|x86
		{2FDACCBA-16FB-4942-9161-6E0B39403AA8}.Ad-Hoc|Any CPU.Deploy.0 = Release|x86
		{2FDACCBA-16FB-4942-9161-6E0B39403AA8}.Ad-Hoc|ARM.ActiveCfg = Release|ARM
		{2FDACCBA-16FB-4942-9161-6E0B39403AA8}.Ad-Hoc|ARM.Build.0 = Release|ARM
		{2FDACCBA-16FB-4942-9161-6E0B39403AA8}.Ad-Hoc|ARM.Deploy.0 = Release|ARM
		{2FDACCBA-16FB-4942-9161-6E0B39403AA8}.Ad-Hoc|iPhone.ActiveCfg = Release|x86
		{2FDACCBA-16FB-4942-9161-6E0B39403AA8}.Ad-Hoc|iPhone.Build.0 = Release|x86
		{2FDACCBA-16FB-4942-9161-6E0B39403AA8}.Ad-Hoc|iPhone.Deploy.0 = Release|x86
		{2FDACCBA-16FB-4942-9161-6E0B39403AA8}.Ad-Hoc|iPhoneSimulator.ActiveCfg = Release|x86
		{2FDACCBA-16FB-4942-9161-6E0B39403AA8}.Ad-Hoc|iPhoneSimulator.Build.0 = Release|x86
		{2FDACCBA-16FB-4942-9161-6E0B39403AA8}.Ad-Hoc|iPhoneSimulator.Deploy.0 = Release|x86
		{2FDACCBA-16FB-4942-9161-6E0B39403AA8}.Ad-Hoc|x64.ActiveCfg = Release|x64
		{2FDACCBA-16FB-4942-9161-6E0B39403AA8}.Ad-Hoc|x64.Build.0 = Release|x64
		{2FDACCBA-16FB-4942-9161-6E0B39403AA8}.Ad-Hoc|x64.Deploy.0 = Release|x64
		{2FDACCBA-16FB-4942-9161-6E0B39403AA8}.Ad-Hoc|x86.ActiveCfg = Release|x86
		{2FDACCBA-16FB-4942-9161-6E0B39403AA8}.Ad-Hoc|x86.Build.0 = Release|x86
		{2FDACCBA-16FB-4942-9161-6E0B39403AA8}.Ad-Hoc|x86.Deploy.0 = Release|x86
		{2FDACCBA-16FB-4942-9161-6E0B39403AA8}.AppStore|Any CPU.ActiveCfg = Release|x86
		{2FDACCBA-16FB-4942-9161-6E0B39403AA8}.AppStore|Any CPU.Build.0 = Release|x86
		{2FDACCBA-16FB-4942-9161-6E0B39403AA8}.AppStore|Any CPU.Deploy.0 = Release|x86
		{2FDACCBA-16FB-4942-9161-6E0B39403AA8}.AppStore|ARM.ActiveCfg = Release|ARM
		{2FDACCBA-16FB-4942-9161-6E0B39403AA8}.AppStore|ARM.Build.0 = Release|ARM
		{2FDACCBA-16FB-4942-9161-6E0B39403AA8}.AppStore|ARM.Deploy.0 = Release|ARM
		{2FDACCBA-16FB-4942-9161-6E0B39403AA8}.AppStore|iPhone.ActiveCfg = Release|x86
		{2FDACCBA-16FB-4942-9161-6E0B39403AA8}.AppStore|iPhone.Build.0 = Release|x86
		{2FDACCBA-16FB-4942-9161-6E0B39403AA8}.AppStore|iPhone.Deploy.0 = Release|x86
		{2FDACCBA-16FB-4942-9161-6E0B39403AA8}.AppStore|iPhoneSimulator.ActiveCfg = Release|x86
		{2FDACCBA-16FB-4942-9161-6E0B39403AA8}.AppStore|iPhoneSimulator.Build.0 = Release|x86
		{2FDACCBA-16FB-4942-9161-6E0B39403AA8}.AppStore|iPhoneSimulator.Deploy.0 = Release|x86
		{2FDACCBA-16FB-4942-9161-6E0B39403AA8}.AppStore|x64.ActiveCfg = Release|x64
		{2FDACCBA-16FB-4942-9161-6E0B39403AA8}.AppStore|x64.Build.0 = Release|x64
		{2FDACCBA-16FB-4942-9161-6E0B39403AA8}.AppStore|x64.Deploy.0 = Release|x64
		{2FDACCBA-16FB-4942-9161-6E0B39403AA8}.AppStore|x86.ActiveCfg = Release|x86
		{2FDACCBA-16FB-4942-9161-6E0B39403AA8}.AppStore|x86.Build.0 = Release|x86
		{2FDACCBA-16FB-4942-9161-6E0B39403AA8}.AppStore|x86.Deploy.0 = Release|x86
		{2FDACCBA-16FB-4942-9161-6E0B39403AA8}.Debug|Any CPU.ActiveCfg = Debug|x86
		{2FDACCBA-16FB-4942-9161-6E0B39403AA8}.Debug|Any CPU.Build.0 = Debug|x86
		{2FDACCBA-16FB-4942-9161-6E0B39403AA8}.Debug|Any CPU.Deploy.0 = Debug|x86
		{2FDACCBA-16FB-4942-9161-6E0B39403AA8}.Debug|ARM.ActiveCfg = Debug|ARM
		{2FDACCBA-16FB-4942-9161-6E0B39403AA8}.Debug|ARM.Build.0 = Debug|ARM
		{2FDACCBA-16FB-4942-9161-6E0B39403AA8}.Debug|ARM.Deploy.0 = Debug|ARM
		{2FDACCBA-16FB-4942-9161-6E0B39403AA8}.Debug|iPhone.ActiveCfg = Debug|x86
		{2FDACCBA-16FB-4942-9161-6E0B39403AA8}.Debug|iPhone.Build.0 = Debug|x86
		{2FDACCBA-16FB-4942-9161-6E0B39403AA8}.Debug|iPhone.Deploy.0 = Debug|x86
		{2FDACCBA-16FB-4942-9161-6E0B39403AA8}.Debug|iPhoneSimulator.ActiveCfg = Debug|x86
		{2FDACCBA-16FB-4942-9161-6E0B39403AA8}.Debug|iPhoneSimulator.Build.0 = Debug|x86
		{2FDACCBA-16FB-4942-9161-6E0B39403AA8}.Debug|iPhoneSimulator.Deploy.0 = Debug|x86
		{2FDACCBA-16FB-4942-9161-6E0B39403AA8}.Debug|x64.ActiveCfg = Debug|x64
		{2FDACCBA-16FB-4942-9161-6E0B39403AA8}.Debug|x64.Build.0 = Debug|x64
		{2FDACCBA-16FB-4942-9161-6E0B39403AA8}.Debug|x64.Deploy.0 = Debug|x64
		{2FDACCBA-16FB-4942-9161-6E0B39403AA8}.Debug|x86.ActiveCfg = Debug|x86
		{2FDACCBA-16FB-4942-9161-6E0B39403AA8}.Debug|x86.Build.0 = Debug|x86
		{2FDACCBA-16FB-4942-9161-6E0B39403AA8}.Debug|x86.Deploy.0 = Debug|x86
		{2FDACCBA-16FB-4942-9161-6E0B39403AA8}.Release|Any CPU.ActiveCfg = Release|x86
		{2FDACCBA-16FB-4942-9161-6E0B39403AA8}.Release|Any CPU.Build.0 = Release|x86
		{2FDACCBA-16FB-4942-9161-6E0B39403AA8}.Release|Any CPU.Deploy.0 = Release|x86
		{2FDACCBA-16FB-4942-9161-6E0B39403AA8}.Release|ARM.ActiveCfg = Release|ARM
		{2FDACCBA-16FB-4942-9161-6E0B39403AA8}.Release|ARM.Build.0 = Release|ARM
		{2FDACCBA-16FB-4942-9161-6E0B39403AA8}.Release|ARM.Deploy.0 = Release|ARM
		{2FDACCBA-16FB-4942-9161-6E0B39403AA8}.Release|iPhone.ActiveCfg = Release|x86
		{2FDACCBA-16FB-4942-9161-6E0B39403AA8}.Release|iPhone.Build.0 = Release|x86
		{2FDACCBA-16FB-4942-9161-6E0B39403AA8}.Release|iPhone.Deploy.0 = Release|x86
		{2FDACCBA-16FB-4942-9161-6E0B39403AA8}.Release|iPhoneSimulator.ActiveCfg = Release|x86
		{2FDACCBA-16FB-4942-9161-6E0B39403AA8}.Release|iPhoneSimulator.Build.0 = Release|x86
		{2FDACCBA-16FB-4942-9161-6E0B39403AA8}.Release|iPhoneSimulator.Deploy.0 = Release|x86
		{2FDACCBA-16FB-4942-9161-6E0B39403AA8}.Release|x64.ActiveCfg = Release|x64
		{2FDACCBA-16FB-4942-9161-6E0B39403AA8}.Release|x64.Build.0 = Release|x64
		{2FDACCBA-16FB-4942-9161-6E0B39403AA8}.Release|x64.Deploy.0 = Release|x64
		{2FDACCBA-16FB-4942-9161-6E0B39403AA8}.Release|x86.ActiveCfg = Release|x86
		{2FDACCBA-16FB-4942-9161-6E0B39403AA8}.Release|x86.Build.0 = Release|x86
		{2FDACCBA-16FB-4942-9161-6E0B39403AA8}.Release|x86.Deploy.0 = Release|x86
		{A0E1461D-7E09-4387-8321-E4D4FFFA8477}.Ad-Hoc|Any CPU.ActiveCfg = Debug|Any CPU
		{A0E1461D-7E09-4387-8321-E4D4FFFA8477}.Ad-Hoc|Any CPU.Build.0 = Debug|Any CPU
		{A0E1461D-7E09-4387-8321-E4D4FFFA8477}.Ad-Hoc|Any CPU.Deploy.0 = Debug|Any CPU
		{A0E1461D-7E09-4387-8321-E4D4FFFA8477}.Ad-Hoc|ARM.ActiveCfg = Debug|Any CPU
		{A0E1461D-7E09-4387-8321-E4D4FFFA8477}.Ad-Hoc|ARM.Build.0 = Debug|Any CPU
		{A0E1461D-7E09-4387-8321-E4D4FFFA8477}.Ad-Hoc|ARM.Deploy.0 = Debug|Any CPU
		{A0E1461D-7E09-4387-8321-E4D4FFFA8477}.Ad-Hoc|iPhone.ActiveCfg = Debug|Any CPU
		{A0E1461D-7E09-4387-8321-E4D4FFFA8477}.Ad-Hoc|iPhone.Build.0 = Debug|Any CPU
		{A0E1461D-7E09-4387-8321-E4D4FFFA8477}.Ad-Hoc|iPhone.Deploy.0 = Debug|Any CPU
		{A0E1461D-7E09-4387-8321-E4D4FFFA8477}.Ad-Hoc|iPhoneSimulator.ActiveCfg = Debug|Any CPU
		{A0E1461D-7E09-4387-8321-E4D4FFFA8477}.Ad-Hoc|iPhoneSimulator.Build.0 = Debug|Any CPU
		{A0E1461D-7E09-4387-8321-E4D4FFFA8477}.Ad-Hoc|iPhoneSimulator.Deploy.0 = Debug|Any CPU
		{A0E1461D-7E09-4387-8321-E4D4FFFA8477}.Ad-Hoc|x64.ActiveCfg = Debug|Any CPU
		{A0E1461D-7E09-4387-8321-E4D4FFFA8477}.Ad-Hoc|x64.Build.0 = Debug|Any CPU
		{A0E1461D-7E09-4387-8321-E4D4FFFA8477}.Ad-Hoc|x64.Deploy.0 = Debug|Any CPU
		{A0E1461D-7E09-4387-8321-E4D4FFFA8477}.Ad-Hoc|x86.ActiveCfg = Debug|Any CPU
		{A0E1461D-7E09-4387-8321-E4D4FFFA8477}.Ad-Hoc|x86.Build.0 = Debug|Any CPU
		{A0E1461D-7E09-4387-8321-E4D4FFFA8477}.Ad-Hoc|x86.Deploy.0 = Debug|Any CPU
		{A0E1461D-7E09-4387-8321-E4D4FFFA8477}.AppStore|Any CPU.ActiveCfg = Debug|Any CPU
		{A0E1461D-7E09-4387-8321-E4D4FFFA8477}.AppStore|Any CPU.Build.0 = Debug|Any CPU
		{A0E1461D-7E09-4387-8321-E4D4FFFA8477}.AppStore|Any CPU.Deploy.0 = Debug|Any CPU
		{A0E1461D-7E09-4387-8321-E4D4FFFA8477}.AppStore|ARM.ActiveCfg = Debug|Any CPU
		{A0E1461D-7E09-4387-8321-E4D4FFFA8477}.AppStore|ARM.Build.0 = Debug|Any CPU
		{A0E1461D-7E09-4387-8321-E4D4FFFA8477}.AppStore|ARM.Deploy.0 = Debug|Any CPU
		{A0E1461D-7E09-4387-8321-E4D4FFFA8477}.AppStore|iPhone.ActiveCfg = Debug|Any CPU
		{A0E1461D-7E09-4387-8321-E4D4FFFA8477}.AppStore|iPhone.Build.0 = Debug|Any CPU
		{A0E1461D-7E09-4387-8321-E4D4FFFA8477}.AppStore|iPhone.Deploy.0 = Debug|Any CPU
		{A0E1461D-7E09-4387-8321-E4D4FFFA8477}.AppStore|iPhoneSimulator.ActiveCfg = Debug|Any CPU
		{A0E1461D-7E09-4387-8321-E4D4FFFA8477}.AppStore|iPhoneSimulator.Build.0 = Debug|Any CPU
		{A0E1461D-7E09-4387-8321-E4D4FFFA8477}.AppStore|iPhoneSimulator.Deploy.0 = Debug|Any CPU
		{A0E1461D-7E09-4387-8321-E4D4FFFA8477}.AppStore|x64.ActiveCfg = Debug|Any CPU
		{A0E1461D-7E09-4387-8321-E4D4FFFA8477}.AppStore|x64.Build.0 = Debug|Any CPU
		{A0E1461D-7E09-4387-8321-E4D4FFFA8477}.AppStore|x64.Deploy.0 = Debug|Any CPU
		{A0E1461D-7E09-4387-8321-E4D4FFFA8477}.AppStore|x86.ActiveCfg = Debug|Any CPU
		{A0E1461D-7E09-4387-8321-E4D4FFFA8477}.AppStore|x86.Build.0 = Debug|Any CPU
		{A0E1461D-7E09-4387-8321-E4D4FFFA8477}.AppStore|x86.Deploy.0 = Debug|Any CPU
		{A0E1461D-7E09-4387-8321-E4D4FFFA8477}.Debug|Any CPU.ActiveCfg = Debug|Any CPU
		{A0E1461D-7E09-4387-8321-E4D4FFFA8477}.Debug|Any CPU.Build.0 = Debug|Any CPU
		{A0E1461D-7E09-4387-8321-E4D4FFFA8477}.Debug|Any CPU.Deploy.0 = Debug|Any CPU
		{A0E1461D-7E09-4387-8321-E4D4FFFA8477}.Debug|ARM.ActiveCfg = Debug|Any CPU
		{A0E1461D-7E09-4387-8321-E4D4FFFA8477}.Debug|ARM.Build.0 = Debug|Any CPU
		{A0E1461D-7E09-4387-8321-E4D4FFFA8477}.Debug|ARM.Deploy.0 = Debug|Any CPU
		{A0E1461D-7E09-4387-8321-E4D4FFFA8477}.Debug|iPhone.ActiveCfg = Debug|Any CPU
		{A0E1461D-7E09-4387-8321-E4D4FFFA8477}.Debug|iPhone.Build.0 = Debug|Any CPU
		{A0E1461D-7E09-4387-8321-E4D4FFFA8477}.Debug|iPhone.Deploy.0 = Debug|Any CPU
		{A0E1461D-7E09-4387-8321-E4D4FFFA8477}.Debug|iPhoneSimulator.ActiveCfg = Debug|Any CPU
		{A0E1461D-7E09-4387-8321-E4D4FFFA8477}.Debug|iPhoneSimulator.Build.0 = Debug|Any CPU
		{A0E1461D-7E09-4387-8321-E4D4FFFA8477}.Debug|iPhoneSimulator.Deploy.0 = Debug|Any CPU
		{A0E1461D-7E09-4387-8321-E4D4FFFA8477}.Debug|x64.ActiveCfg = Debug|Any CPU
		{A0E1461D-7E09-4387-8321-E4D4FFFA8477}.Debug|x64.Build.0 = Debug|Any CPU
		{A0E1461D-7E09-4387-8321-E4D4FFFA8477}.Debug|x64.Deploy.0 = Debug|Any CPU
		{A0E1461D-7E09-4387-8321-E4D4FFFA8477}.Debug|x86.ActiveCfg = Debug|Any CPU
		{A0E1461D-7E09-4387-8321-E4D4FFFA8477}.Debug|x86.Build.0 = Debug|Any CPU
		{A0E1461D-7E09-4387-8321-E4D4FFFA8477}.Debug|x86.Deploy.0 = Debug|Any CPU
		{A0E1461D-7E09-4387-8321-E4D4FFFA8477}.Release|Any CPU.ActiveCfg = Release|Any CPU
		{A0E1461D-7E09-4387-8321-E4D4FFFA8477}.Release|Any CPU.Build.0 = Release|Any CPU
		{A0E1461D-7E09-4387-8321-E4D4FFFA8477}.Release|Any CPU.Deploy.0 = Release|Any CPU
		{A0E1461D-7E09-4387-8321-E4D4FFFA8477}.Release|ARM.ActiveCfg = Release|Any CPU
		{A0E1461D-7E09-4387-8321-E4D4FFFA8477}.Release|ARM.Build.0 = Release|Any CPU
		{A0E1461D-7E09-4387-8321-E4D4FFFA8477}.Release|ARM.Deploy.0 = Release|Any CPU
		{A0E1461D-7E09-4387-8321-E4D4FFFA8477}.Release|iPhone.ActiveCfg = Release|Any CPU
		{A0E1461D-7E09-4387-8321-E4D4FFFA8477}.Release|iPhone.Build.0 = Release|Any CPU
		{A0E1461D-7E09-4387-8321-E4D4FFFA8477}.Release|iPhone.Deploy.0 = Release|Any CPU
		{A0E1461D-7E09-4387-8321-E4D4FFFA8477}.Release|iPhoneSimulator.ActiveCfg = Release|Any CPU
		{A0E1461D-7E09-4387-8321-E4D4FFFA8477}.Release|iPhoneSimulator.Build.0 = Release|Any CPU
		{A0E1461D-7E09-4387-8321-E4D4FFFA8477}.Release|iPhoneSimulator.Deploy.0 = Release|Any CPU
		{A0E1461D-7E09-4387-8321-E4D4FFFA8477}.Release|x64.ActiveCfg = Release|Any CPU
		{A0E1461D-7E09-4387-8321-E4D4FFFA8477}.Release|x64.Build.0 = Release|Any CPU
		{A0E1461D-7E09-4387-8321-E4D4FFFA8477}.Release|x64.Deploy.0 = Release|Any CPU
		{A0E1461D-7E09-4387-8321-E4D4FFFA8477}.Release|x86.ActiveCfg = Release|Any CPU
		{A0E1461D-7E09-4387-8321-E4D4FFFA8477}.Release|x86.Build.0 = Release|Any CPU
		{A0E1461D-7E09-4387-8321-E4D4FFFA8477}.Release|x86.Deploy.0 = Release|Any CPU
	EndGlobalSection
	GlobalSection(SolutionProperties) = preSolution
		HideSolutionNode = FALSE
	EndGlobalSection
	GlobalSection(ExtensibilityGlobals) = postSolution
		SolutionGuid = {A9209D65-88AF-4563-B789-6821C07808AC}
	EndGlobalSection
EndGlobal
